// !$*UTF8*$!
{
	archiveVersion = 1;
	classes = {
	};
	objectVersion = 56;
	objects = {

/* Begin PBXBuildFile section */
		B453E8822C64CDA0007BA1D9 /* AppDelegate.swift in Sources */ = {isa = PBXBuildFile; fileRef = B453E8812C64CDA0007BA1D9 /* AppDelegate.swift */; };
		B453E8842C64CDA0007BA1D9 /* SceneDelegate.swift in Sources */ = {isa = PBXBuildFile; fileRef = B453E8832C64CDA0007BA1D9 /* SceneDelegate.swift */; };
		B453E8862C64CDA0007BA1D9 /* ViewController.swift in Sources */ = {isa = PBXBuildFile; fileRef = B453E8852C64CDA0007BA1D9 /* ViewController.swift */; };
		B453E8892C64CDA0007BA1D9 /* Main.storyboard in Resources */ = {isa = PBXBuildFile; fileRef = B453E8872C64CDA0007BA1D9 /* Main.storyboard */; };
		B453E88B2C64CDA2007BA1D9 /* Assets.xcassets in Resources */ = {isa = PBXBuildFile; fileRef = B453E88A2C64CDA2007BA1D9 /* Assets.xcassets */; };
		B453E88E2C64CDA2007BA1D9 /* LaunchScreen.storyboard in Resources */ = {isa = PBXBuildFile; fileRef = B453E88C2C64CDA2007BA1D9 /* LaunchScreen.storyboard */; };
		B453E8992C64CE67007BA1D9 /* WebServiceManager.swift in Sources */ = {isa = PBXBuildFile; fileRef = B453E8982C64CE67007BA1D9 /* WebServiceManager.swift */; };
		B453E89B2C64CEE2007BA1D9 /* Field.swift in Sources */ = {isa = PBXBuildFile; fileRef = B453E89A2C64CEE2007BA1D9 /* Field.swift */; };
		B453E8A12C64F319007BA1D9 /* Extension+ViewController.swift in Sources */ = {isa = PBXBuildFile; fileRef = B453E8A02C64F319007BA1D9 /* Extension+ViewController.swift */; };
/* End PBXBuildFile section */

/* Begin PBXFileReference section */
		B453E87E2C64CDA0007BA1D9 /* SingleViewProject.app */ = {isa = PBXFileReference; explicitFileType = wrapper.application; includeInIndex = 0; path = SingleViewProject.app; sourceTree = BUILT_PRODUCTS_DIR; };
		B453E8812C64CDA0007BA1D9 /* AppDelegate.swift */ = {isa = PBXFileReference; lastKnownFileType = sourcecode.swift; path = AppDelegate.swift; sourceTree = "<group>"; };
		B453E8832C64CDA0007BA1D9 /* SceneDelegate.swift */ = {isa = PBXFileReference; lastKnownFileType = sourcecode.swift; path = SceneDelegate.swift; sourceTree = "<group>"; };
		B453E8852C64CDA0007BA1D9 /* ViewController.swift */ = {isa = PBXFileReference; lastKnownFileType = sourcecode.swift; path = ViewController.swift; sourceTree = "<group>"; };
		B453E8882C64CDA0007BA1D9 /* Base */ = {isa = PBXFileReference; lastKnownFileType = file.storyboard; name = Base; path = Base.lproj/Main.storyboard; sourceTree = "<group>"; };
		B453E88A2C64CDA2007BA1D9 /* Assets.xcassets */ = {isa = PBXFileReference; lastKnownFileType = folder.assetcatalog; path = Assets.xcassets; sourceTree = "<group>"; };
		B453E88D2C64CDA2007BA1D9 /* Base */ = {isa = PBXFileReference; lastKnownFileType = file.storyboard; name = Base; path = Base.lproj/LaunchScreen.storyboard; sourceTree = "<group>"; };
		B453E88F2C64CDA2007BA1D9 /* Info.plist */ = {isa = PBXFileReference; lastKnownFileType = text.plist.xml; path = Info.plist; sourceTree = "<group>"; };
		B453E8982C64CE67007BA1D9 /* WebServiceManager.swift */ = {isa = PBXFileReference; lastKnownFileType = sourcecode.swift; path = WebServiceManager.swift; sourceTree = "<group>"; };
		B453E89A2C64CEE2007BA1D9 /* Field.swift */ = {isa = PBXFileReference; lastKnownFileType = sourcecode.swift; path = Field.swift; sourceTree = "<group>"; };
		B453E8A02C64F319007BA1D9 /* Extension+ViewController.swift */ = {isa = PBXFileReference; lastKnownFileType = sourcecode.swift; path = "Extension+ViewController.swift"; sourceTree = "<group>"; };
/* End PBXFileReference section */

/* Begin PBXFrameworksBuildPhase section */
		B453E87B2C64CDA0007BA1D9 /* Frameworks */ = {
			isa = PBXFrameworksBuildPhase;
			buildActionMask = 2147483647;
			files = (
			);
			runOnlyForDeploymentPostprocessing = 0;
		};
/* End PBXFrameworksBuildPhase section */

/* Begin PBXGroup section */
		B453E8752C64CDA0007BA1D9 = {
			isa = PBXGroup;
			children = (
				B453E8802C64CDA0007BA1D9 /* SingleViewProject */,
				B453E87F2C64CDA0007BA1D9 /* Products */,
			);
			sourceTree = "<group>";
		};
		B453E87F2C64CDA0007BA1D9 /* Products */ = {
			isa = PBXGroup;
			children = (
				B453E87E2C64CDA0007BA1D9 /* SingleViewProject.app */,
			);
			name = Products;
			sourceTree = "<group>";
		};
		B453E8802C64CDA0007BA1D9 /* SingleViewProject */ = {
			isa = PBXGroup;
			children = (
				B453E8A22C64F5B7007BA1D9 /* SupportingFiles */,
				B453E89F2C64F2F8007BA1D9 /* Extensions */,
				B453E8972C64CE26007BA1D9 /* WebServiceManager */,
				B453E8962C64CE1E007BA1D9 /* Model */,
				B453E8952C64CE0B007BA1D9 /* View */,
				B453E8872C64CDA0007BA1D9 /* Main.storyboard */,
				B453E88A2C64CDA2007BA1D9 /* Assets.xcassets */,
				B453E88C2C64CDA2007BA1D9 /* LaunchScreen.storyboard */,
				B453E88F2C64CDA2007BA1D9 /* Info.plist */,
			);
			path = SingleViewProject;
			sourceTree = "<group>";
		};
		B453E8952C64CE0B007BA1D9 /* View */ = {
			isa = PBXGroup;
			children = (
				B453E8852C64CDA0007BA1D9 /* ViewController.swift */,
			);
			path = View;
			sourceTree = "<group>";
		};
		B453E8962C64CE1E007BA1D9 /* Model */ = {
			isa = PBXGroup;
			children = (
				B453E89A2C64CEE2007BA1D9 /* Field.swift */,
			);
			path = Model;
			sourceTree = "<group>";
		};
		B453E8972C64CE26007BA1D9 /* WebServiceManager */ = {
			isa = PBXGroup;
			children = (
				B453E8982C64CE67007BA1D9 /* WebServiceManager.swift */,
			);
			path = WebServiceManager;
			sourceTree = "<group>";
		};
		B453E89F2C64F2F8007BA1D9 /* Extensions */ = {
			isa = PBXGroup;
			children = (
				B453E8A02C64F319007BA1D9 /* Extension+ViewController.swift */,
			);
			path = Extensions;
			sourceTree = "<group>";
		};
		B453E8A22C64F5B7007BA1D9 /* SupportingFiles */ = {
			isa = PBXGroup;
			children = (
				B453E8812C64CDA0007BA1D9 /* AppDelegate.swift */,
				B453E8832C64CDA0007BA1D9 /* SceneDelegate.swift */,
			);
			path = SupportingFiles;
			sourceTree = "<group>";
		};
/* End PBXGroup section */

/* Begin PBXNativeTarget section */
		B453E87D2C64CDA0007BA1D9 /* SingleViewProject */ = {
			isa = PBXNativeTarget;
			buildConfigurationList = B453E8922C64CDA2007BA1D9 /* Build configuration list for PBXNativeTarget "SingleViewProject" */;
			buildPhases = (
				B453E87A2C64CDA0007BA1D9 /* Sources */,
				B453E87B2C64CDA0007BA1D9 /* Frameworks */,
				B453E87C2C64CDA0007BA1D9 /* Resources */,
			);
			buildRules = (
			);
			dependencies = (
			);
			name = SingleViewProject;
			productName = SingleViewProject;
			productReference = B453E87E2C64CDA0007BA1D9 /* SingleViewProject.app */;
			productType = "com.apple.product-type.application";
		};
/* End PBXNativeTarget section */

/* Begin PBXProject section */
		B453E8762C64CDA0007BA1D9 /* Project object */ = {
			isa = PBXProject;
			attributes = {
				BuildIndependentTargetsInParallel = 1;
				LastSwiftUpdateCheck = 1430;
				LastUpgradeCheck = 1430;
				TargetAttributes = {
					B453E87D2C64CDA0007BA1D9 = {
						CreatedOnToolsVersion = 14.3;
					};
				};
			};
			buildConfigurationList = B453E8792C64CDA0007BA1D9 /* Build configuration list for PBXProject "SingleViewProject" */;
			compatibilityVersion = "Xcode 14.0";
			developmentRegion = en;
			hasScannedForEncodings = 0;
			knownRegions = (
				en,
				Base,
			);
			mainGroup = B453E8752C64CDA0007BA1D9;
			productRefGroup = B453E87F2C64CDA0007BA1D9 /* Products */;
			projectDirPath = "";
			projectRoot = "";
			targets = (
				B453E87D2C64CDA0007BA1D9 /* SingleViewProject */,
			);
		};
/* End PBXProject section */

/* Begin PBXResourcesBuildPhase section */
		B453E87C2C64CDA0007BA1D9 /* Resources */ = {
			isa = PBXResourcesBuildPhase;
			buildActionMask = 2147483647;
			files = (
				B453E88E2C64CDA2007BA1D9 /* LaunchScreen.storyboard in Resources */,
				B453E88B2C64CDA2007BA1D9 /* Assets.xcassets in Resources */,
				B453E8892C64CDA0007BA1D9 /* Main.storyboard in Resources */,
			);
			runOnlyForDeploymentPostprocessing = 0;
		};
/* End PBXResourcesBuildPhase section */

/* Begin PBXSourcesBuildPhase section */
		B453E87A2C64CDA0007BA1D9 /* Sources */ = {
			isa = PBXSourcesBuildPhase;
			buildActionMask = 2147483647;
			files = (
				B453E89B2C64CEE2007BA1D9 /* Field.swift in Sources */,
				B453E8992C64CE67007BA1D9 /* WebServiceManager.swift in Sources */,
				B453E8862C64CDA0007BA1D9 /* ViewController.swift in Sources */,
				B453E8822C64CDA0007BA1D9 /* AppDelegate.swift in Sources */,
				B453E8A12C64F319007BA1D9 /* Extension+ViewController.swift in Sources */,
				B453E8842C64CDA0007BA1D9 /* SceneDelegate.swift in Sources */,
			);
			runOnlyForDeploymentPostprocessing = 0;
		};
/* End PBXSourcesBuildPhase section */

/* Begin PBXVariantGroup section */
		B453E8872C64CDA0007BA1D9 /* Main.storyboard */ = {
			isa = PBXVariantGroup;
			children = (
				B453E8882C64CDA0007BA1D9 /* Base */,
			);
			name = Main.storyboard;
			sourceTree = "<group>";
		};
		B453E88C2C64CDA2007BA1D9 /* LaunchScreen.storyboard */ = {
			isa = PBXVariantGroup;
			children = (
				B453E88D2C64CDA2007BA1D9 /* Base */,
			);
			name = LaunchScreen.storyboard;
			sourceTree = "<group>";
		};
/* End PBXVariantGroup section */

/* Begin XCBuildConfiguration section */
		B453E8902C64CDA2007BA1D9 /* Debug */ = {
			isa = XCBuildConfiguration;
			buildSettings = {
				ALWAYS_SEARCH_USER_PATHS = NO;
				CLANG_ANALYZER_NONNULL = YES;
				CLANG_ANALYZER_NUMBER_OBJECT_CONVERSION = YES_AGGRESSIVE;
				CLANG_CXX_LANGUAGE_STANDARD = "gnu++20";
				CLANG_ENABLE_MODULES = YES;
				CLANG_ENABLE_OBJC_ARC = YES;
				CLANG_ENABLE_OBJC_WEAK = YES;
				CLANG_WARN_BLOCK_CAPTURE_AUTORELEASING = YES;
				CLANG_WARN_BOOL_CONVERSION = YES;
				CLANG_WARN_COMMA = YES;
				CLANG_WARN_CONSTANT_CONVERSION = YES;
				CLANG_WARN_DEPRECATED_OBJC_IMPLEMENTATIONS = YES;
				CLANG_WARN_DIRECT_OBJC_ISA_USAGE = YES_ERROR;
				CLANG_WARN_DOCUMENTATION_COMMENTS = YES;
				CLANG_WARN_EMPTY_BODY = YES;
				CLANG_WARN_ENUM_CONVERSION = YES;
				CLANG_WARN_INFINITE_RECURSION = YES;
				CLANG_WARN_INT_CONVERSION = YES;
				CLANG_WARN_NON_LITERAL_NULL_CONVERSION = YES;
				CLANG_WARN_OBJC_IMPLICIT_RETAIN_SELF = YES;
				CLANG_WARN_OBJC_LITERAL_CONVERSION = YES;
				CLANG_WARN_OBJC_ROOT_CLASS = YES_ERROR;
				CLANG_WARN_QUOTED_INCLUDE_IN_FRAMEWORK_HEADER = YES;
				CLANG_WARN_RANGE_LOOP_ANALYSIS = YES;
				CLANG_WARN_STRICT_PROTOTYPES = YES;
				CLANG_WARN_SUSPICIOUS_MOVE = YES;
				CLANG_WARN_UNGUARDED_AVAILABILITY = YES_AGGRESSIVE;
				CLANG_WARN_UNREACHABLE_CODE = YES;
				CLANG_WARN__DUPLICATE_METHOD_MATCH = YES;
				COPY_PHASE_STRIP = NO;
				DEBUG_INFORMATION_FORMAT = dwarf;
				ENABLE_STRICT_OBJC_MSGSEND = YES;
				ENABLE_TESTABILITY = YES;
				GCC_C_LANGUAGE_STANDARD = gnu11;
				GCC_DYNAMIC_NO_PIC = NO;
				GCC_NO_COMMON_BLOCKS = YES;
				GCC_OPTIMIZATION_LEVEL = 0;
				GCC_PREPROCESSOR_DEFINITIONS = (
					"DEBUG=1",
					"$(inherited)",
				);
				GCC_WARN_64_TO_32_BIT_CONVERSION = YES;
				GCC_WARN_ABOUT_RETURN_TYPE = YES_ERROR;
				GCC_WARN_UNDECLARED_SELECTOR = YES;
				GCC_WARN_UNINITIALIZED_AUTOS = YES_AGGRESSIVE;
				GCC_WARN_UNUSED_FUNCTION = YES;
				GCC_WARN_UNUSED_VARIABLE = YES;
				IPHONEOS_DEPLOYMENT_TARGET = 16.4;
				MTL_ENABLE_DEBUG_INFO = INCLUDE_SOURCE;
				MTL_FAST_MATH = YES;
				ONLY_ACTIVE_ARCH = YES;
				SDKROOT = iphoneos;
				SWIFT_ACTIVE_COMPILATION_CONDITIONS = DEBUG;
				SWIFT_OPTIMIZATION_LEVEL = "-Onone";
			};
			name = Debug;
		};
		B453E8912C64CDA2007BA1D9 /* Release */ = {
			isa = XCBuildConfiguration;
			buildSettings = {
				ALWAYS_SEARCH_USER_PATHS = NO;
				CLANG_ANALYZER_NONNULL = YES;
				CLANG_ANALYZER_NUMBER_OBJECT_CONVERSION = YES_AGGRESSIVE;
				CLANG_CXX_LANGUAGE_STANDARD = "gnu++20";
				CLANG_ENABLE_MODULES = YES;
				CLANG_ENABLE_OBJC_ARC = YES;
				CLANG_ENABLE_OBJC_WEAK = YES;
				CLANG_WARN_BLOCK_CAPTURE_AUTORELEASING = YES;
				CLANG_WARN_BOOL_CONVERSION = YES;
				CLANG_WARN_COMMA = YES;
				CLANG_WARN_CONSTANT_CONVERSION = YES;
				CLANG_WARN_DEPRECATED_OBJC_IMPLEMENTATIONS = YES;
				CLANG_WARN_DIRECT_OBJC_ISA_USAGE = YES_ERROR;
				CLANG_WARN_DOCUMENTATION_COMMENTS = YES;
				CLANG_WARN_EMPTY_BODY = YES;
				CLANG_WARN_ENUM_CONVERSION = YES;
				CLANG_WARN_INFINITE_RECURSION = YES;
				CLANG_WARN_INT_CONVERSION = YES;
				CLANG_WARN_NON_LITERAL_NULL_CONVERSION = YES;
				CLANG_WARN_OBJC_IMPLICIT_RETAIN_SELF = YES;
				CLANG_WARN_OBJC_LITERAL_CONVERSION = YES;
				CLANG_WARN_OBJC_ROOT_CLASS = YES_ERROR;
				CLANG_WARN_QUOTED_INCLUDE_IN_FRAMEWORK_HEADER = YES;
				CLANG_WARN_RANGE_LOOP_ANALYSIS = YES;
				CLANG_WARN_STRICT_PROTOTYPES = YES;
				CLANG_WARN_SUSPICIOUS_MOVE = YES;
				CLANG_WARN_UNGUARDED_AVAILABILITY = YES_AGGRESSIVE;
				CLANG_WARN_UNREACHABLE_CODE = YES;
				CLANG_WARN__DUPLICATE_METHOD_MATCH = YES;
				COPY_PHASE_STRIP = NO;
				DEBUG_INFORMATION_FORMAT = "dwarf-with-dsym";
				ENABLE_NS_ASSERTIONS = NO;
				ENABLE_STRICT_OBJC_MSGSEND = YES;
				GCC_C_LANGUAGE_STANDARD = gnu11;
				GCC_NO_COMMON_BLOCKS = YES;
				GCC_WARN_64_TO_32_BIT_CONVERSION = YES;
				GCC_WARN_ABOUT_RETURN_TYPE = YES_ERROR;
				GCC_WARN_UNDECLARED_SELECTOR = YES;
				GCC_WARN_UNINITIALIZED_AUTOS = YES_AGGRESSIVE;
				GCC_WARN_UNUSED_FUNCTION = YES;
				GCC_WARN_UNUSED_VARIABLE = YES;
				IPHONEOS_DEPLOYMENT_TARGET = 16.4;
				MTL_ENABLE_DEBUG_INFO = NO;
				MTL_FAST_MATH = YES;
				SDKROOT = iphoneos;
				SWIFT_COMPILATION_MODE = wholemodule;
				SWIFT_OPTIMIZATION_LEVEL = "-O";
				VALIDATE_PRODUCT = YES;
			};
			name = Release;
		};
		B453E8932C64CDA2007BA1D9 /* Debug */ = {
			isa = XCBuildConfiguration;
			buildSettings = {
				ASSETCATALOG_COMPILER_APPICON_NAME = AppIcon;
				ASSETCATALOG_COMPILER_GLOBAL_ACCENT_COLOR_NAME = AccentColor;
				CODE_SIGN_STYLE = Automatic;
				CURRENT_PROJECT_VERSION = 1;
				GENERATE_INFOPLIST_FILE = YES;
				INFOPLIST_FILE = SingleViewProject/Info.plist;
				INFOPLIST_KEY_UIApplicationSupportsIndirectInputEvents = YES;
				INFOPLIST_KEY_UILaunchStoryboardName = LaunchScreen;
				INFOPLIST_KEY_UIMainStoryboardFile = Main;
				INFOPLIST_KEY_UISupportedInterfaceOrientations_iPad = "UIInterfaceOrientationPortrait UIInterfaceOrientationPortraitUpsideDown UIInterfaceOrientationLandscapeLeft UIInterfaceOrientationLandscapeRight";
				INFOPLIST_KEY_UISupportedInterfaceOrientations_iPhone = "UIInterfaceOrientationPortrait UIInterfaceOrientationLandscapeLeft UIInterfaceOrientationLandscapeRight";
				LD_RUNPATH_SEARCH_PATHS = (
					"$(inherited)",
					"@executable_path/Frameworks",
				);
				MARKETING_VERSION = 1.0;
				PRODUCT_BUNDLE_IDENTIFIER = com.ateeqahmed.com.SingleViewProject;
				PRODUCT_NAME = "$(TARGET_NAME)";
				SWIFT_EMIT_LOC_STRINGS = YES;
				SWIFT_VERSION = 5.0;
				TARGETED_DEVICE_FAMILY = "1,2";
			};
			name = Debug;
		};
		B453E8942C64CDA2007BA1D9 /* Release */ = {
			isa = XCBuildConfiguration;
			buildSettings = {
				ASSETCATALOG_COMPILER_APPICON_NAME = AppIcon;
				ASSETCATALOG_COMPILER_GLOBAL_ACCENT_COLOR_NAME = AccentColor;
				CODE_SIGN_STYLE = Automatic;
				CURRENT_PROJECT_VERSION = 1;
				GENERATE_INFOPLIST_FILE = YES;
				INFOPLIST_FILE = SingleViewProject/Info.plist;
				INFOPLIST_KEY_UIApplicationSupportsIndirectInputEvents = YES;
				INFOPLIST_KEY_UILaunchStoryboardName = LaunchScreen;
				INFOPLIST_KEY_UIMainStoryboardFile = Main;
				INFOPLIST_KEY_UISupportedInterfaceOrientations_iPad = "UIInterfaceOrientationPortrait UIInterfaceOrientationPortraitUpsideDown UIInterfaceOrientationLandscapeLeft UIInterfaceOrientationLandscapeRight";
				INFOPLIST_KEY_UISupportedInterfaceOrientations_iPhone = "UIInterfaceOrientationPortrait UIInterfaceOrientationLandscapeLeft UIInterfaceOrientationLandscapeRight";
				LD_RUNPATH_SEARCH_PATHS = (
					"$(inherited)",
					"@executable_path/Frameworks",
				);
				MARKETING_VERSION = 1.0;
				PRODUCT_BUNDLE_IDENTIFIER = com.ateeqahmed.com.SingleViewProject;
				PRODUCT_NAME = "$(TARGET_NAME)";
				SWIFT_EMIT_LOC_STRINGS = YES;
				SWIFT_VERSION = 5.0;
				TARGETED_DEVICE_FAMILY = "1,2";
			};
			name = Release;
		};
/* End XCBuildConfiguration section */

/* Begin XCConfigurationList section */
		B453E8792C64CDA0007BA1D9 /* Build configuration list for PBXProject "SingleViewProject" */ = {
			isa = XCConfigurationList;
			buildConfigurations = (
				B453E8902C64CDA2007BA1D9 /* Debug */,
				B453E8912C64CDA2007BA1D9 /* Release */,
			);
			defaultConfigurationIsVisible = 0;
			defaultConfigurationName = Release;
		};
		B453E8922C64CDA2007BA1D9 /* Build configuration list for PBXNativeTarget "SingleViewProject" */ = {
			isa = XCConfigurationList;
			buildConfigurations = (
				B453E8932C64CDA2007BA1D9 /* Debug */,
				B453E8942C64CDA2007BA1D9 /* Release */,
			);
			defaultConfigurationIsVisible = 0;
			defaultConfigurationName = Release;
		};
/* End XCConfigurationList section */
	};
	rootObject = B453E8762C64CDA0007BA1D9 /* Project object */;
}
